// !$*UTF8*$!
{
	archiveVersion = 1;
	classes = {
	};
	objectVersion = 77;
	objects = {

/* Begin PBXBuildFile section */
		DA45082A2ED242EE00D3C493 /* FirebaseFirestore in Frameworks */ = {isa = PBXBuildFile; productRef = DA4508292ED242EE00D3C493 /* FirebaseFirestore */; };
		DA45082C2ED2432400D3C493 /* FirebaseAnalytics in Frameworks */ = {isa = PBXBuildFile; productRef = DA45082B2ED2432400D3C493 /* FirebaseAnalytics */; };
		DA4508382ED2467600D3C493 /* FirebaseAuth in Frameworks */ = {isa = PBXBuildFile; productRef = DA4508372ED2467600D3C493 /* FirebaseAuth */; };
		DA45083A2ED2495300D3C493 /* FirebaseCore in Frameworks */ = {isa = PBXBuildFile; productRef = DA4508392ED2495300D3C493 /* FirebaseCore */; };
		DA450A482EE5DC1200D3C493 /* FirebaseStorage in Frameworks */ = {isa = PBXBuildFile; productRef = DA450A472EE5DC1200D3C493 /* FirebaseStorage */; };
		DA450CC12EEB674E00D3C493 /* FirebaseMessaging in Frameworks */ = {isa = PBXBuildFile; productRef = DA450CC02EEB674E00D3C493 /* FirebaseMessaging */; };
		DADE8ACA2EF88E22002ABB1F /* GoogleSignIn in Frameworks */ = {isa = PBXBuildFile; productRef = DADE8AC92EF88E22002ABB1F /* GoogleSignIn */; };
		DADE8ACC2EF88E22002ABB1F /* GoogleSignInSwift in Frameworks */ = {isa = PBXBuildFile; productRef = DADE8ACB2EF88E22002ABB1F /* GoogleSignInSwift */; };
		DAF00C002F00000100000001 /* FirebaseCrashlytics in Frameworks */ = {isa = PBXBuildFile; productRef = DAF00BFF2F00000100000001 /* FirebaseCrashlytics */; };
/* End PBXBuildFile section */

/* Begin PBXContainerItemProxy section */
		DA4507B92ED21A0D00D3C493 /* PBXContainerItemProxy */ = {
			isa = PBXContainerItemProxy;
			containerPortal = DA4507A02ED21A0B00D3C493 /* Project object */;
			proxyType = 1;
			remoteGlobalIDString = DA4507A72ED21A0B00D3C493;
			remoteInfo = "Adventure Streak";
		};
		DA4507C32ED21A0D00D3C493 /* PBXContainerItemProxy */ = {
			isa = PBXContainerItemProxy;
			containerPortal = DA4507A02ED21A0B00D3C493 /* Project object */;
			proxyType = 1;
			remoteGlobalIDString = DA4507A72ED21A0B00D3C493;
			remoteInfo = "Adventure Streak";
		};
/* End PBXContainerItemProxy section */

/* Begin PBXFileReference section */
		DA4507A82ED21A0B00D3C493 /* Adventure Streak.app */ = {isa = PBXFileReference; explicitFileType = wrapper.application; includeInIndex = 0; path = "Adventure Streak.app"; sourceTree = BUILT_PRODUCTS_DIR; };
		DA4507B82ED21A0D00D3C493 /* Adventure StreakTests.xctest */ = {isa = PBXFileReference; explicitFileType = wrapper.cfbundle; includeInIndex = 0; path = "Adventure StreakTests.xctest"; sourceTree = BUILT_PRODUCTS_DIR; };
		DA4507C22ED21A0D00D3C493 /* Adventure StreakUITests.xctest */ = {isa = PBXFileReference; explicitFileType = wrapper.cfbundle; includeInIndex = 0; path = "Adventure StreakUITests.xctest"; sourceTree = BUILT_PRODUCTS_DIR; };
/* End PBXFileReference section */

/* Begin PBXFileSystemSynchronizedRootGroup section */
		DA4507AA2ED21A0B00D3C493 /* Adventure Streak */ = {
			isa = PBXFileSystemSynchronizedRootGroup;
			path = "Adventure Streak";
			sourceTree = "<group>";
		};
		DA4507BB2ED21A0D00D3C493 /* Adventure StreakTests */ = {
			isa = PBXFileSystemSynchronizedRootGroup;
			path = "Adventure StreakTests";
			sourceTree = "<group>";
		};
		DA4507C52ED21A0D00D3C493 /* Adventure StreakUITests */ = {
			isa = PBXFileSystemSynchronizedRootGroup;
			path = "Adventure StreakUITests";
			sourceTree = "<group>";
		};
/* End PBXFileSystemSynchronizedRootGroup section */

/* Begin PBXFrameworksBuildPhase section */
		DA4507A52ED21A0B00D3C493 /* Frameworks */ = {
			isa = PBXFrameworksBuildPhase;
			buildActionMask = 2147483647;
			files = (
				DADE8ACC2EF88E22002ABB1F /* GoogleSignInSwift in Frameworks */,
				DA450CC12EEB674E00D3C493 /* FirebaseMessaging in Frameworks */,
				DADE8ACA2EF88E22002ABB1F /* GoogleSignIn in Frameworks */,
				DA45082C2ED2432400D3C493 /* FirebaseAnalytics in Frameworks */,
				DA4508382ED2467600D3C493 /* FirebaseAuth in Frameworks */,
				DA45083A2ED2495300D3C493 /* FirebaseCore in Frameworks */,
				DA450A482EE5DC1200D3C493 /* FirebaseStorage in Frameworks */,
				DAF00C002F00000100000001 /* FirebaseCrashlytics in Frameworks */,
				DA45082A2ED242EE00D3C493 /* FirebaseFirestore in Frameworks */,
			);
			runOnlyForDeploymentPostprocessing = 0;
		};
		DA4507B52ED21A0D00D3C493 /* Frameworks */ = {
			isa = PBXFrameworksBuildPhase;
			buildActionMask = 2147483647;
			files = (
			);
			runOnlyForDeploymentPostprocessing = 0;
		};
		DA4507BF2ED21A0D00D3C493 /* Frameworks */ = {
			isa = PBXFrameworksBuildPhase;
			buildActionMask = 2147483647;
			files = (
			);
			runOnlyForDeploymentPostprocessing = 0;
		};
/* End PBXFrameworksBuildPhase section */

/* Begin PBXGroup section */
		DA45079F2ED21A0B00D3C493 = {
			isa = PBXGroup;
			children = (
				DA4507AA2ED21A0B00D3C493 /* Adventure Streak */,
				DA4507BB2ED21A0D00D3C493 /* Adventure StreakTests */,
				DA4507C52ED21A0D00D3C493 /* Adventure StreakUITests */,
				DA4508282ED242EE00D3C493 /* Frameworks */,
				DA4507A92ED21A0B00D3C493 /* Products */,
			);
			sourceTree = "<group>";
		};
		DA4507A92ED21A0B00D3C493 /* Products */ = {
			isa = PBXGroup;
			children = (
				DA4507A82ED21A0B00D3C493 /* Adventure Streak.app */,
				DA4507B82ED21A0D00D3C493 /* Adventure StreakTests.xctest */,
				DA4507C22ED21A0D00D3C493 /* Adventure StreakUITests.xctest */,
			);
			name = Products;
			sourceTree = "<group>";
		};
		DA4508282ED242EE00D3C493 /* Frameworks */ = {
			isa = PBXGroup;
			children = (
			);
			name = Frameworks;
			sourceTree = "<group>";
		};
/* End PBXGroup section */

/* Begin PBXNativeTarget section */
		DA4507A72ED21A0B00D3C493 /* Adventure Streak */ = {
			isa = PBXNativeTarget;
			buildConfigurationList = DA4507CC2ED21A0D00D3C493 /* Build configuration list for PBXNativeTarget "Adventure Streak" */;
			buildPhases = (
				DA4507A42ED21A0B00D3C493 /* Sources */,
				DA4507A52ED21A0B00D3C493 /* Frameworks */,
				DA4507A62ED21A0B00D3C493 /* Resources */,
				DAF00C102F00000100000001 /* Crashlytics */,
			);
			buildRules = (
			);
			dependencies = (
			);
			fileSystemSynchronizedGroups = (
				DA4507AA2ED21A0B00D3C493 /* Adventure Streak */,
			);
			name = "Adventure Streak";
			packageProductDependencies = (
				DA4508292ED242EE00D3C493 /* FirebaseFirestore */,
				DA45082B2ED2432400D3C493 /* FirebaseAnalytics */,
				DA4508372ED2467600D3C493 /* FirebaseAuth */,
				DA4508392ED2495300D3C493 /* FirebaseCore */,
				DA450A472EE5DC1200D3C493 /* FirebaseStorage */,
				DA450CC02EEB674E00D3C493 /* FirebaseMessaging */,
				DAF00BFF2F00000100000001 /* FirebaseCrashlytics */,
				DADE8AC92EF88E22002ABB1F /* GoogleSignIn */,
				DADE8ACB2EF88E22002ABB1F /* GoogleSignInSwift */,
			);
			productName = "Adventure Streak";
			productReference = DA4507A82ED21A0B00D3C493 /* Adventure Streak.app */;
			productType = "com.apple.product-type.application";
		};
		DA4507B72ED21A0D00D3C493 /* Adventure StreakTests */ = {
			isa = PBXNativeTarget;
			buildConfigurationList = DA4507CF2ED21A0D00D3C493 /* Build configuration list for PBXNativeTarget "Adventure StreakTests" */;
			buildPhases = (
				DA4507B42ED21A0D00D3C493 /* Sources */,
				DA4507B52ED21A0D00D3C493 /* Frameworks */,
				DA4507B62ED21A0D00D3C493 /* Resources */,
			);
			buildRules = (
			);
			dependencies = (
				DA4507BA2ED21A0D00D3C493 /* PBXTargetDependency */,
			);
			fileSystemSynchronizedGroups = (
				DA4507BB2ED21A0D00D3C493 /* Adventure StreakTests */,
			);
			name = "Adventure StreakTests";
			packageProductDependencies = (
			);
			productName = "Adventure StreakTests";
			productReference = DA4507B82ED21A0D00D3C493 /* Adventure StreakTests.xctest */;
			productType = "com.apple.product-type.bundle.unit-test";
		};
		DA4507C12ED21A0D00D3C493 /* Adventure StreakUITests */ = {
			isa = PBXNativeTarget;
			buildConfigurationList = DA4507D22ED21A0D00D3C493 /* Build configuration list for PBXNativeTarget "Adventure StreakUITests" */;
			buildPhases = (
				DA4507BE2ED21A0D00D3C493 /* Sources */,
				DA4507BF2ED21A0D00D3C493 /* Frameworks */,
				DA4507C02ED21A0D00D3C493 /* Resources */,
			);
			buildRules = (
			);
			dependencies = (
				DA4507C42ED21A0D00D3C493 /* PBXTargetDependency */,
			);
			fileSystemSynchronizedGroups = (
				DA4507C52ED21A0D00D3C493 /* Adventure StreakUITests */,
			);
			name = "Adventure StreakUITests";
			packageProductDependencies = (
			);
			productName = "Adventure StreakUITests";
			productReference = DA4507C22ED21A0D00D3C493 /* Adventure StreakUITests.xctest */;
			productType = "com.apple.product-type.bundle.ui-testing";
		};
/* End PBXNativeTarget section */

/* Begin PBXProject section */
		DA4507A02ED21A0B00D3C493 /* Project object */ = {
			isa = PBXProject;
			attributes = {
				BuildIndependentTargetsInParallel = 1;
				LastSwiftUpdateCheck = 1620;
				LastUpgradeCheck = 1620;
				TargetAttributes = {
					DA4507A72ED21A0B00D3C493 = {
						CreatedOnToolsVersion = 16.2;
					};
					DA4507B72ED21A0D00D3C493 = {
						CreatedOnToolsVersion = 16.2;
						TestTargetID = DA4507A72ED21A0B00D3C493;
					};
					DA4507C12ED21A0D00D3C493 = {
						CreatedOnToolsVersion = 16.2;
						TestTargetID = DA4507A72ED21A0B00D3C493;
					};
				};
			};
			buildConfigurationList = DA4507A32ED21A0B00D3C493 /* Build configuration list for PBXProject "Adventure Streak" */;
			developmentRegion = en;
			hasScannedForEncodings = 0;
			knownRegions = (
				en,
				Base,
			);
			mainGroup = DA45079F2ED21A0B00D3C493;
			minimizedProjectReferenceProxies = 1;
			packageReferences = (
				DA4508272ED237DA00D3C493 /* XCRemoteSwiftPackageReference "firebase-ios-sdk" */,
				DADE8AC82EF88E22002ABB1F /* XCRemoteSwiftPackageReference "GoogleSignIn-iOS" */,
			);
			preferredProjectObjectVersion = 77;
			productRefGroup = DA4507A92ED21A0B00D3C493 /* Products */;
			projectDirPath = "";
			projectRoot = "";
			targets = (
				DA4507A72ED21A0B00D3C493 /* Adventure Streak */,
				DA4507B72ED21A0D00D3C493 /* Adventure StreakTests */,
				DA4507C12ED21A0D00D3C493 /* Adventure StreakUITests */,
			);
		};
/* End PBXProject section */

/* Begin PBXResourcesBuildPhase section */
		DA4507A62ED21A0B00D3C493 /* Resources */ = {
			isa = PBXResourcesBuildPhase;
			buildActionMask = 2147483647;
			files = (
			);
			runOnlyForDeploymentPostprocessing = 0;
		};
		DA4507B62ED21A0D00D3C493 /* Resources */ = {
			isa = PBXResourcesBuildPhase;
			buildActionMask = 2147483647;
			files = (
			);
			runOnlyForDeploymentPostprocessing = 0;
		};
		DA4507C02ED21A0D00D3C493 /* Resources */ = {
			isa = PBXResourcesBuildPhase;
			buildActionMask = 2147483647;
			files = (
			);
			runOnlyForDeploymentPostprocessing = 0;
		};
/* End PBXResourcesBuildPhase section */

/* Begin PBXShellScriptBuildPhase section */
		DAF00C102F00000100000001 /* Crashlytics */ = {
			isa = PBXShellScriptBuildPhase;
			buildActionMask = 2147483647;
			files = (
			);
			inputFileListPaths = (
			);
			inputPaths = (
			);
			name = Crashlytics;
			outputFileListPaths = (
			);
			outputPaths = (
				"$(DERIVED_FILE_DIR)/crashlytics-upload.log",
			);
			runOnlyForDeploymentPostprocessing = 0;
			shellPath = /bin/sh;
			shellScript = "GSP_PATH=\"${PROJECT_DIR}/Adventure Streak/GoogleService-Info.plist\"\nif [ -f \"$GSP_PATH\" ]; then\n  \"${BUILD_DIR%/Build/*}/SourcePackages/checkouts/firebase-ios-sdk/Crashlytics/upload-symbols\" --build-phase -gsp \"$GSP_PATH\" -dsym \"${DWARF_DSYM_FOLDER_PATH}/${DWARF_DSYM_FILE_NAME}\" > \"${DERIVED_FILE_DIR}/crashlytics-upload.log\" 2>&1 &\nelse\n  echo \"[Crashlytics] Skipping: GoogleService-Info.plist not found at $GSP_PATH\" > \"${DERIVED_FILE_DIR}/crashlytics-upload.log\"\nfi\n";
		};
/* End PBXShellScriptBuildPhase section */

/* Begin PBXSourcesBuildPhase section */
		DA4507A42ED21A0B00D3C493 /* Sources */ = {
			isa = PBXSourcesBuildPhase;
			buildActionMask = 2147483647;
			files = (
			);
			runOnlyForDeploymentPostprocessing = 0;
		};
		DA4507B42ED21A0D00D3C493 /* Sources */ = {
			isa = PBXSourcesBuildPhase;
			buildActionMask = 2147483647;
			files = (
			);
			runOnlyForDeploymentPostprocessing = 0;
		};
		DA4507BE2ED21A0D00D3C493 /* Sources */ = {
			isa = PBXSourcesBuildPhase;
			buildActionMask = 2147483647;
			files = (
			);
			runOnlyForDeploymentPostprocessing = 0;
		};
/* End PBXSourcesBuildPhase section */

/* Begin PBXTargetDependency section */
		DA4507BA2ED21A0D00D3C493 /* PBXTargetDependency */ = {
			isa = PBXTargetDependency;
			target = DA4507A72ED21A0B00D3C493 /* Adventure Streak */;
			targetProxy = DA4507B92ED21A0D00D3C493 /* PBXContainerItemProxy */;
		};
		DA4507C42ED21A0D00D3C493 /* PBXTargetDependency */ = {
			isa = PBXTargetDependency;
			target = DA4507A72ED21A0B00D3C493 /* Adventure Streak */;
			targetProxy = DA4507C32ED21A0D00D3C493 /* PBXContainerItemProxy */;
		};
/* End PBXTargetDependency section */

/* Begin XCBuildConfiguration section */
		DA4507CA2ED21A0D00D3C493 /* Debug */ = {
			isa = XCBuildConfiguration;
			buildSettings = {
				ALWAYS_SEARCH_USER_PATHS = NO;
				ASSETCATALOG_COMPILER_GENERATE_SWIFT_ASSET_SYMBOL_EXTENSIONS = YES;
				CLANG_ANALYZER_NONNULL = YES;
				CLANG_ANALYZER_NUMBER_OBJECT_CONVERSION = YES_AGGRESSIVE;
				CLANG_CXX_LANGUAGE_STANDARD = "gnu++20";
				CLANG_ENABLE_MODULES = YES;
				CLANG_ENABLE_OBJC_ARC = YES;
				CLANG_ENABLE_OBJC_WEAK = YES;
				CLANG_WARN_BLOCK_CAPTURE_AUTORELEASING = YES;
				CLANG_WARN_BOOL_CONVERSION = YES;
				CLANG_WARN_COMMA = YES;
				CLANG_WARN_CONSTANT_CONVERSION = YES;
				CLANG_WARN_DEPRECATED_OBJC_IMPLEMENTATIONS = YES;
				CLANG_WARN_DIRECT_OBJC_ISA_USAGE = YES_ERROR;
				CLANG_WARN_DOCUMENTATION_COMMENTS = YES;
				CLANG_WARN_EMPTY_BODY = YES;
				CLANG_WARN_ENUM_CONVERSION = YES;
				CLANG_WARN_INFINITE_RECURSION = YES;
				CLANG_WARN_INT_CONVERSION = YES;
				CLANG_WARN_NON_LITERAL_NULL_CONVERSION = YES;
				CLANG_WARN_OBJC_IMPLICIT_RETAIN_SELF = YES;
				CLANG_WARN_OBJC_LITERAL_CONVERSION = YES;
				CLANG_WARN_OBJC_ROOT_CLASS = YES_ERROR;
				CLANG_WARN_QUOTED_INCLUDE_IN_FRAMEWORK_HEADER = YES;
				CLANG_WARN_RANGE_LOOP_ANALYSIS = YES;
				CLANG_WARN_STRICT_PROTOTYPES = YES;
				CLANG_WARN_SUSPICIOUS_MOVE = YES;
				CLANG_WARN_UNGUARDED_AVAILABILITY = YES_AGGRESSIVE;
				CLANG_WARN_UNREACHABLE_CODE = YES;
				CLANG_WARN__DUPLICATE_METHOD_MATCH = YES;
				COPY_PHASE_STRIP = NO;
				DEBUG_INFORMATION_FORMAT = "dwarf-with-dsym";
				ENABLE_DEBUG_DYLIB_SUPPORT = NO;
				ENABLE_STRICT_OBJC_MSGSEND = YES;
				ENABLE_TESTABILITY = YES;
				ENABLE_USER_SCRIPT_SANDBOXING = NO;
				GCC_C_LANGUAGE_STANDARD = gnu17;
				GCC_DYNAMIC_NO_PIC = NO;
				GCC_GENERATE_DEBUGGING_SYMBOLS = YES;
				GCC_NO_COMMON_BLOCKS = YES;
				GCC_OPTIMIZATION_LEVEL = 0;
				GCC_PREPROCESSOR_DEFINITIONS = (
					"DEBUG=1",
					"$(inherited)",
				);
				GCC_WARN_64_TO_32_BIT_CONVERSION = YES;
				GCC_WARN_ABOUT_RETURN_TYPE = YES_ERROR;
				GCC_WARN_UNDECLARED_SELECTOR = YES;
				GCC_WARN_UNINITIALIZED_AUTOS = YES_AGGRESSIVE;
				GCC_WARN_UNUSED_FUNCTION = YES;
				GCC_WARN_UNUSED_VARIABLE = YES;
				IPHONEOS_DEPLOYMENT_TARGET = 18.2;
				LOCALIZATION_PREFERS_STRING_CATALOGS = YES;
				MTL_ENABLE_DEBUG_INFO = INCLUDE_SOURCE;
				MTL_FAST_MATH = YES;
				ONLY_ACTIVE_ARCH = YES;
				SDKROOT = iphoneos;
				SWIFT_ACTIVE_COMPILATION_CONDITIONS = "DEBUG $(inherited)";
				SWIFT_OPTIMIZATION_LEVEL = "-Onone";
			};
			name = Debug;
		};
		DA4507CB2ED21A0D00D3C493 /* Release */ = {
			isa = XCBuildConfiguration;
			buildSettings = {
				ALWAYS_SEARCH_USER_PATHS = NO;
				ASSETCATALOG_COMPILER_GENERATE_SWIFT_ASSET_SYMBOL_EXTENSIONS = YES;
				CLANG_ANALYZER_NONNULL = YES;
				CLANG_ANALYZER_NUMBER_OBJECT_CONVERSION = YES_AGGRESSIVE;
				CLANG_CXX_LANGUAGE_STANDARD = "gnu++20";
				CLANG_ENABLE_MODULES = YES;
				CLANG_ENABLE_OBJC_ARC = YES;
				CLANG_ENABLE_OBJC_WEAK = YES;
				CLANG_WARN_BLOCK_CAPTURE_AUTORELEASING = YES;
				CLANG_WARN_BOOL_CONVERSION = YES;
				CLANG_WARN_COMMA = YES;
				CLANG_WARN_CONSTANT_CONVERSION = YES;
				CLANG_WARN_DEPRECATED_OBJC_IMPLEMENTATIONS = YES;
				CLANG_WARN_DIRECT_OBJC_ISA_USAGE = YES_ERROR;
				CLANG_WARN_DOCUMENTATION_COMMENTS = YES;
				CLANG_WARN_EMPTY_BODY = YES;
				CLANG_WARN_ENUM_CONVERSION = YES;
				CLANG_WARN_INFINITE_RECURSION = YES;
				CLANG_WARN_INT_CONVERSION = YES;
				CLANG_WARN_NON_LITERAL_NULL_CONVERSION = YES;
				CLANG_WARN_OBJC_IMPLICIT_RETAIN_SELF = YES;
				CLANG_WARN_OBJC_LITERAL_CONVERSION = YES;
				CLANG_WARN_OBJC_ROOT_CLASS = YES_ERROR;
				CLANG_WARN_QUOTED_INCLUDE_IN_FRAMEWORK_HEADER = YES;
				CLANG_WARN_RANGE_LOOP_ANALYSIS = YES;
				CLANG_WARN_STRICT_PROTOTYPES = YES;
				CLANG_WARN_SUSPICIOUS_MOVE = YES;
				CLANG_WARN_UNGUARDED_AVAILABILITY = YES_AGGRESSIVE;
				CLANG_WARN_UNREACHABLE_CODE = YES;
				CLANG_WARN__DUPLICATE_METHOD_MATCH = YES;
				COPY_PHASE_STRIP = NO;
				DEBUG_INFORMATION_FORMAT = "dwarf-with-dsym";
				ENABLE_DEBUG_DYLIB_SUPPORT = NO;
				ENABLE_NS_ASSERTIONS = NO;
				ENABLE_STRICT_OBJC_MSGSEND = YES;
				ENABLE_USER_SCRIPT_SANDBOXING = NO;
				GCC_C_LANGUAGE_STANDARD = gnu17;
				GCC_NO_COMMON_BLOCKS = YES;
				GCC_WARN_64_TO_32_BIT_CONVERSION = YES;
				GCC_WARN_ABOUT_RETURN_TYPE = YES_ERROR;
				GCC_WARN_UNDECLARED_SELECTOR = YES;
				GCC_WARN_UNINITIALIZED_AUTOS = YES_AGGRESSIVE;
				GCC_WARN_UNUSED_FUNCTION = YES;
				GCC_WARN_UNUSED_VARIABLE = YES;
				IPHONEOS_DEPLOYMENT_TARGET = 18.2;
				LOCALIZATION_PREFERS_STRING_CATALOGS = YES;
				MTL_ENABLE_DEBUG_INFO = NO;
				MTL_FAST_MATH = YES;
				SDKROOT = iphoneos;
				STRIP_INSTALLED_PRODUCT = NO;
				SWIFT_COMPILATION_MODE = wholemodule;
				VALIDATE_PRODUCT = YES;
			};
			name = Release;
		};
		DA4507CD2ED21A0D00D3C493 /* Debug */ = {
			isa = XCBuildConfiguration;
			buildSettings = {
				ASSETCATALOG_COMPILER_APPICON_NAME = AppIcon;
				ASSETCATALOG_COMPILER_GLOBAL_ACCENT_COLOR_NAME = AccentColor;
				CODE_SIGN_ENTITLEMENTS = "Adventure Streak/Adventure Streak.entitlements";
				CODE_SIGN_STYLE = Automatic;
				CURRENT_PROJECT_VERSION = 28;
				DEBUG_INFORMATION_FORMAT = "dwarf-with-dsym";
				DEVELOPMENT_ASSET_PATHS = "\"Adventure Streak/Preview Content\"";
				DEVELOPMENT_TEAM = SDRDXJM7RR;
				ENABLE_DEBUG_DYLIB_SUPPORT = NO;
				ENABLE_PREVIEWS = YES;
				GENERATE_INFOPLIST_FILE = YES;
				INFOPLIST_FILE = "Adventure-Streak-Info.plist";
				INFOPLIST_KEY_LSApplicationCategoryType = "public.app-category.lifestyle";
				INFOPLIST_KEY_NSHealthShareUsageDescription = "Usamos tus entrenos y rutas de la app Salud para calcular XP, territorios y mostrar tu progreso.";
				INFOPLIST_KEY_NSHealthUpdateUsageDescription = "Usamos tus entrenos y rutas de la app Salud para calcular XP, territorios y mostrar tu progreso.";
				INFOPLIST_KEY_NSLocationAlwaysAndWhenInUseUsageDescription = "Necesitamos tu ubicación para mostrar el mapa";
				INFOPLIST_KEY_NSLocationWhenInUseUsageDescription = "Necesitamos tu ubicación para registrar tu ruta";
				INFOPLIST_KEY_UIApplicationSceneManifest_Generation = YES;
				INFOPLIST_KEY_UIApplicationSupportsIndirectInputEvents = YES;
				INFOPLIST_KEY_UILaunchScreen_Generation = YES;
				INFOPLIST_KEY_UISupportedInterfaceOrientations_iPad = "UIInterfaceOrientationPortrait UIInterfaceOrientationPortraitUpsideDown UIInterfaceOrientationLandscapeLeft UIInterfaceOrientationLandscapeRight";
				INFOPLIST_KEY_UISupportedInterfaceOrientations_iPhone = "UIInterfaceOrientationPortrait UIInterfaceOrientationLandscapeLeft UIInterfaceOrientationLandscapeRight";
				IPHONEOS_DEPLOYMENT_TARGET = 18.0;
				LD_RUNPATH_SEARCH_PATHS = (
					"$(inherited)",
					"@executable_path/Frameworks",
				);
				MARKETING_VERSION = 2.8;
				PRODUCT_BUNDLE_IDENTIFIER = "com.aerguevara.Adventure-Streak";
				PRODUCT_NAME = "$(TARGET_NAME)";
				SUPPORTED_PLATFORMS = "iphoneos iphonesimulator";
				SUPPORTS_MACCATALYST = NO;
				SUPPORTS_MAC_DESIGNED_FOR_IPHONE_IPAD = NO;
				SUPPORTS_XR_DESIGNED_FOR_IPHONE_IPAD = NO;
				SWIFT_EMIT_LOC_STRINGS = YES;
				SWIFT_VERSION = 5.0;
				TARGETED_DEVICE_FAMILY = 1;
			};
			name = Debug;
		};
		DA4507CE2ED21A0D00D3C493 /* Release */ = {
			isa = XCBuildConfiguration;
			buildSettings = {
				ASSETCATALOG_COMPILER_APPICON_NAME = AppIcon;
				ASSETCATALOG_COMPILER_GLOBAL_ACCENT_COLOR_NAME = AccentColor;
				CODE_SIGN_ENTITLEMENTS = "Adventure Streak/Adventure StreakRelease.entitlements";
				CODE_SIGN_IDENTITY = "Apple Development";
				CODE_SIGN_STYLE = Automatic;
				CURRENT_PROJECT_VERSION = 28;
				DEVELOPMENT_ASSET_PATHS = "\"Adventure Streak/Preview Content\"";
				DEVELOPMENT_TEAM = SDRDXJM7RR;
				ENABLE_DEBUG_DYLIB_SUPPORT = NO;
				ENABLE_PREVIEWS = YES;
				GENERATE_INFOPLIST_FILE = YES;
				INFOPLIST_FILE = "Adventure-Streak-Info.plist";
				INFOPLIST_KEY_LSApplicationCategoryType = "public.app-category.lifestyle";
				INFOPLIST_KEY_NSHealthShareUsageDescription = "Usamos tus entrenos y rutas de la app Salud para calcular XP, territorios y mostrar tu progreso.";
				INFOPLIST_KEY_NSHealthUpdateUsageDescription = "Usamos tus entrenos y rutas de la app Salud para calcular XP, territorios y mostrar tu progreso.";
				INFOPLIST_KEY_NSLocationAlwaysAndWhenInUseUsageDescription = "Necesitamos tu ubicación para mostrar el mapa";
				INFOPLIST_KEY_NSLocationWhenInUseUsageDescription = "Necesitamos tu ubicación para registrar tu ruta";
				INFOPLIST_KEY_UIApplicationSceneManifest_Generation = YES;
				INFOPLIST_KEY_UIApplicationSupportsIndirectInputEvents = YES;
				INFOPLIST_KEY_UILaunchScreen_Generation = YES;
				INFOPLIST_KEY_UISupportedInterfaceOrientations_iPad = "UIInterfaceOrientationPortrait UIInterfaceOrientationPortraitUpsideDown UIInterfaceOrientationLandscapeLeft UIInterfaceOrientationLandscapeRight";
				INFOPLIST_KEY_UISupportedInterfaceOrientations_iPhone = "UIInterfaceOrientationPortrait UIInterfaceOrientationLandscapeLeft UIInterfaceOrientationLandscapeRight";
				IPHONEOS_DEPLOYMENT_TARGET = 18.0;
				LD_RUNPATH_SEARCH_PATHS = (
					"$(inherited)",
					"@executable_path/Frameworks",
				);
				MARKETING_VERSION = 2.8;
				PRODUCT_BUNDLE_IDENTIFIER = "com.aerguevara.Adventure-Streak";
				PRODUCT_NAME = "$(TARGET_NAME)";
				PROVISIONING_PROFILE_SPECIFIER = "";
				STRIP_INSTALLED_PRODUCT = NO;
				SUPPORTED_PLATFORMS = "iphoneos iphonesimulator";
				SUPPORTS_MACCATALYST = NO;
				SUPPORTS_MAC_DESIGNED_FOR_IPHONE_IPAD = NO;
				SUPPORTS_XR_DESIGNED_FOR_IPHONE_IPAD = NO;
				SWIFT_EMIT_LOC_STRINGS = YES;
				SWIFT_VERSION = 5.0;
				TARGETED_DEVICE_FAMILY = 1;
			};
			name = Release;
		};
		DA4507D02ED21A0D00D3C493 /* Debug */ = {
			isa = XCBuildConfiguration;
			buildSettings = {
				BUNDLE_LOADER = "$(TEST_HOST)";
				CODE_SIGN_STYLE = Automatic;
				CURRENT_PROJECT_VERSION = 1;
				DEVELOPMENT_TEAM = SDRDXJM7RR;
				GENERATE_INFOPLIST_FILE = YES;
				IPHONEOS_DEPLOYMENT_TARGET = 18.2;
				MARKETING_VERSION = 1.0;
				PRODUCT_BUNDLE_IDENTIFIER = "com.aerguevara.Adventure-StreakTests";
				PRODUCT_NAME = "$(TARGET_NAME)";
				SWIFT_EMIT_LOC_STRINGS = NO;
				SWIFT_VERSION = 5.0;
				TARGETED_DEVICE_FAMILY = "1,2";
				TEST_HOST = "$(BUILT_PRODUCTS_DIR)/Adventure Streak.app/$(BUNDLE_EXECUTABLE_FOLDER_PATH)/Adventure Streak";
			};
			name = Debug;
		};
		DA4507D12ED21A0D00D3C493 /* Release */ = {
			isa = XCBuildConfiguration;
			buildSettings = {
				BUNDLE_LOADER = "$(TEST_HOST)";
				CODE_SIGN_STYLE = Automatic;
				CURRENT_PROJECT_VERSION = 1;
				DEVELOPMENT_TEAM = SDRDXJM7RR;
				GENERATE_INFOPLIST_FILE = YES;
				IPHONEOS_DEPLOYMENT_TARGET = 18.2;
				MARKETING_VERSION = 1.0;
				PRODUCT_BUNDLE_IDENTIFIER = "com.aerguevara.Adventure-StreakTests";
				PRODUCT_NAME = "$(TARGET_NAME)";
				STRIP_INSTALLED_PRODUCT = NO;
				SWIFT_EMIT_LOC_STRINGS = NO;
				SWIFT_VERSION = 5.0;
				TARGETED_DEVICE_FAMILY = "1,2";
				TEST_HOST = "$(BUILT_PRODUCTS_DIR)/Adventure Streak.app/$(BUNDLE_EXECUTABLE_FOLDER_PATH)/Adventure Streak";
			};
			name = Release;
		};
		DA4507D32ED21A0D00D3C493 /* Debug */ = {
			isa = XCBuildConfiguration;
			buildSettings = {
				CODE_SIGN_STYLE = Automatic;
				CURRENT_PROJECT_VERSION = 1;
				DEVELOPMENT_TEAM = SDRDXJM7RR;
				GENERATE_INFOPLIST_FILE = YES;
				MARKETING_VERSION = 1.0;
				PRODUCT_BUNDLE_IDENTIFIER = "com.aerguevara.Adventure-StreakUITests";
				PRODUCT_NAME = "$(TARGET_NAME)";
				SWIFT_EMIT_LOC_STRINGS = NO;
				SWIFT_VERSION = 5.0;
				TARGETED_DEVICE_FAMILY = "1,2";
				TEST_TARGET_NAME = "Adventure Streak";
			};
			name = Debug;
		};
		DA4507D42ED21A0D00D3C493 /* Release */ = {
			isa = XCBuildConfiguration;
			buildSettings = {
				CODE_SIGN_STYLE = Automatic;
				CURRENT_PROJECT_VERSION = 1;
				DEVELOPMENT_TEAM = SDRDXJM7RR;
				GENERATE_INFOPLIST_FILE = YES;
				MARKETING_VERSION = 1.0;
				PRODUCT_BUNDLE_IDENTIFIER = "com.aerguevara.Adventure-StreakUITests";
				PRODUCT_NAME = "$(TARGET_NAME)";
				STRIP_INSTALLED_PRODUCT = NO;
				SWIFT_EMIT_LOC_STRINGS = NO;
				SWIFT_VERSION = 5.0;
				TARGETED_DEVICE_FAMILY = "1,2";
				TEST_TARGET_NAME = "Adventure Streak";
			};
			name = Release;
		};
/* End XCBuildConfiguration section */

/* Begin XCConfigurationList section */
		DA4507A32ED21A0B00D3C493 /* Build configuration list for PBXProject "Adventure Streak" */ = {
			isa = XCConfigurationList;
			buildConfigurations = (
				DA4507CA2ED21A0D00D3C493 /* Debug */,
				DA4507CB2ED21A0D00D3C493 /* Release */,
			);
			defaultConfigurationIsVisible = 0;
			defaultConfigurationName = Release;
		};
		DA4507CC2ED21A0D00D3C493 /* Build configuration list for PBXNativeTarget "Adventure Streak" */ = {
			isa = XCConfigurationList;
			buildConfigurations = (
				DA4507CD2ED21A0D00D3C493 /* Debug */,
				DA4507CE2ED21A0D00D3C493 /* Release */,
			);
			defaultConfigurationIsVisible = 0;
			defaultConfigurationName = Release;
		};
		DA4507CF2ED21A0D00D3C493 /* Build configuration list for PBXNativeTarget "Adventure StreakTests" */ = {
			isa = XCConfigurationList;
			buildConfigurations = (
				DA4507D02ED21A0D00D3C493 /* Debug */,
				DA4507D12ED21A0D00D3C493 /* Release */,
			);
			defaultConfigurationIsVisible = 0;
			defaultConfigurationName = Release;
		};
		DA4507D22ED21A0D00D3C493 /* Build configuration list for PBXNativeTarget "Adventure StreakUITests" */ = {
			isa = XCConfigurationList;
			buildConfigurations = (
				DA4507D32ED21A0D00D3C493 /* Debug */,
				DA4507D42ED21A0D00D3C493 /* Release */,
			);
			defaultConfigurationIsVisible = 0;
			defaultConfigurationName = Release;
		};
/* End XCConfigurationList section */

/* Begin XCRemoteSwiftPackageReference section */
		DA4508272ED237DA00D3C493 /* XCRemoteSwiftPackageReference "firebase-ios-sdk" */ = {
			isa = XCRemoteSwiftPackageReference;
			repositoryURL = "https://github.com/firebase/firebase-ios-sdk";
			requirement = {
				kind = upToNextMajorVersion;
				minimumVersion = 12.6.0;
			};
		};
		DADE8AC82EF88E22002ABB1F /* XCRemoteSwiftPackageReference "GoogleSignIn-iOS" */ = {
			isa = XCRemoteSwiftPackageReference;
			repositoryURL = "https://github.com/google/GoogleSignIn-iOS";
			requirement = {
				kind = upToNextMajorVersion;
				minimumVersion = 9.0.0;
			};
		};
/* End XCRemoteSwiftPackageReference section */

/* Begin XCSwiftPackageProductDependency section */
		DA4508292ED242EE00D3C493 /* FirebaseFirestore */ = {
			isa = XCSwiftPackageProductDependency;
			package = DA4508272ED237DA00D3C493 /* XCRemoteSwiftPackageReference "firebase-ios-sdk" */;
			productName = FirebaseFirestore;
		};
		DA45082B2ED2432400D3C493 /* FirebaseAnalytics */ = {
			isa = XCSwiftPackageProductDependency;
			package = DA4508272ED237DA00D3C493 /* XCRemoteSwiftPackageReference "firebase-ios-sdk" */;
			productName = FirebaseAnalytics;
		};
		DA4508372ED2467600D3C493 /* FirebaseAuth */ = {
			isa = XCSwiftPackageProductDependency;
			package = DA4508272ED237DA00D3C493 /* XCRemoteSwiftPackageReference "firebase-ios-sdk" */;
			productName = FirebaseAuth;
		};
		DA4508392ED2495300D3C493 /* FirebaseCore */ = {
			isa = XCSwiftPackageProductDependency;
			package = DA4508272ED237DA00D3C493 /* XCRemoteSwiftPackageReference "firebase-ios-sdk" */;
			productName = FirebaseCore;
		};
		DA450A472EE5DC1200D3C493 /* FirebaseStorage */ = {
			isa = XCSwiftPackageProductDependency;
			package = DA4508272ED237DA00D3C493 /* XCRemoteSwiftPackageReference "firebase-ios-sdk" */;
			productName = FirebaseStorage;
		};
		DA450CC02EEB674E00D3C493 /* FirebaseMessaging */ = {
			isa = XCSwiftPackageProductDependency;
			package = DA4508272ED237DA00D3C493 /* XCRemoteSwiftPackageReference "firebase-ios-sdk" */;
			productName = FirebaseMessaging;
		};
		DADE8AC92EF88E22002ABB1F /* GoogleSignIn */ = {
			isa = XCSwiftPackageProductDependency;
			package = DADE8AC82EF88E22002ABB1F /* XCRemoteSwiftPackageReference "GoogleSignIn-iOS" */;
			productName = GoogleSignIn;
		};
		DADE8ACB2EF88E22002ABB1F /* GoogleSignInSwift */ = {
			isa = XCSwiftPackageProductDependency;
			package = DADE8AC82EF88E22002ABB1F /* XCRemoteSwiftPackageReference "GoogleSignIn-iOS" */;
			productName = GoogleSignInSwift;
		};
		DAF00BFF2F00000100000001 /* FirebaseCrashlytics */ = {
			isa = XCSwiftPackageProductDependency;
			package = DA4508272ED237DA00D3C493 /* XCRemoteSwiftPackageReference "firebase-ios-sdk" */;
			productName = FirebaseCrashlytics;
		};
/* End XCSwiftPackageProductDependency section */
	};
	rootObject = DA4507A02ED21A0B00D3C493 /* Project object */;
}
